
Microsoft Visual Studio Solution File, Format Version 12.00
# Visual Studio Version 17
VisualStudioVersion = 17.1.32319.34
MinimumVisualStudioVersion = 10.0.40219.1
Project("{9A19103F-16F7-4668-BE54-9A1E7A4F7556}") = "EventManagementUI", "EventManagementUI\EventManagementUI.csproj", "{9CF237C1-7370-4398-AC39-0990CA51CE3D}"
EndProject
Project("{9A19103F-16F7-4668-BE54-9A1E7A4F7556}") = "EventManagementLibrary", "EventManagementLibrary\EventManagementLibrary.csproj", "{56326AD5-AFB0-4B23-99AA-2C8EC87BF245}"
EndProject
Project("{9A19103F-16F7-4668-BE54-9A1E7A4F7556}") = "EventManagementAPI", "EventManagementAPI\EventManagementAPI.csproj", "{E5C2921C-165E-46DC-AB7E-956A2121D14F}"
EndProject
Global
	GlobalSection(SolutionConfigurationPlatforms) = preSolution
		Debug|Any CPU = Debug|Any CPU
		Release|Any CPU = Release|Any CPU
	EndGlobalSection
	GlobalSection(ProjectConfigurationPlatforms) = postSolution
		{9CF237C1-7370-4398-AC39-0990CA51CE3D}.Debug|Any CPU.ActiveCfg = Debug|Any CPU
		{9CF237C1-7370-4398-AC39-0990CA51CE3D}.Debug|Any CPU.Build.0 = Debug|Any CPU
		{9CF237C1-7370-4398-AC39-0990CA51CE3D}.Release|Any CPU.ActiveCfg = Release|Any CPU
		{9CF237C1-7370-4398-AC39-0990CA51CE3D}.Release|Any CPU.Build.0 = Release|Any CPU
		{56326AD5-AFB0-4B23-99AA-2C8EC87BF245}.Debug|Any CPU.ActiveCfg = Debug|Any CPU
		{56326AD5-AFB0-4B23-99AA-2C8EC87BF245}.Debug|Any CPU.Build.0 = Debug|Any CPU
		{56326AD5-AFB0-4B23-99AA-2C8EC87BF245}.Release|Any CPU.ActiveCfg = Release|Any CPU
		{56326AD5-AFB0-4B23-99AA-2C8EC87BF245}.Release|Any CPU.Build.0 = Release|Any CPU
		{E5C2921C-165E-46DC-AB7E-956A2121D14F}.Debug|Any CPU.ActiveCfg = Debug|Any CPU
		{E5C2921C-165E-46DC-AB7E-956A2121D14F}.Debug|Any CPU.Build.0 = Debug|Any CPU
		{E5C2921C-165E-46DC-AB7E-956A2121D14F}.Release|Any CPU.ActiveCfg = Release|Any CPU
		{E5C2921C-165E-46DC-AB7E-956A2121D14F}.Release|Any CPU.Build.0 = Release|Any CPU
	EndGlobalSection
	GlobalSection(SolutionProperties) = preSolution
		HideSolutionNode = FALSE
	EndGlobalSection
	GlobalSection(ExtensibilityGlobals) = postSolution
		SolutionGuid = {E22E1BD4-86AA-4A0A-9C6D-B04360F800AC}
	EndGlobalSection
EndGlobal
